
Microsoft Visual Studio Solution File, Format Version 12.00
# Visual Studio 15
VisualStudioVersion = 15.0.27428.2027
MinimumVisualStudioVersion = 10.0.40219.1
Project("{FAE04EC0-301F-11D3-BF4B-00C04F79EFBC}") = "IFExperiment.Domain", "IFExperiment.Domain\IFExperiment.Domain.csproj", "{C3759061-FBA0-4FE7-8B04-AEB83AC9A07F}"
EndProject
Project("{FAE04EC0-301F-11D3-BF4B-00C04F79EFBC}") = "IFExperiment.Infra", "IFExperiment.Infra\IFExperiment.Infra.csproj", "{C7E87728-7892-4BF3-87E9-3E35D09528B6}"
EndProject
Project("{FAE04EC0-301F-11D3-BF4B-00C04F79EFBC}") = "IFExperiment.Shared", "IFExperiment.Shared\IFExperiment.Shared.csproj", "{D005C9A1-C671-4773-B1B9-35C99F867A91}"
EndProject
Project("{FAE04EC0-301F-11D3-BF4B-00C04F79EFBC}") = "IFExperiment.Tests", "IFExperiment.Tests\IFExperiment.Tests.csproj", "{A71FE64E-4AA6-40C4-B7F3-DB8917DD4726}"
EndProject
Project("{FAE04EC0-301F-11D3-BF4B-00C04F79EFBC}") = "IFExperiment.Api", "IFExperiment.Api\IFExperiment.Api.csproj", "{E49BE136-0D19-49E7-B012-F78377B87A77}"
EndProject
Global
	GlobalSection(SolutionConfigurationPlatforms) = preSolution
		Debug|Any CPU = Debug|Any CPU
		Release|Any CPU = Release|Any CPU
	EndGlobalSection
	GlobalSection(ProjectConfigurationPlatforms) = postSolution
		{C3759061-FBA0-4FE7-8B04-AEB83AC9A07F}.Debug|Any CPU.ActiveCfg = Debug|Any CPU
		{C3759061-FBA0-4FE7-8B04-AEB83AC9A07F}.Debug|Any CPU.Build.0 = Debug|Any CPU
		{C3759061-FBA0-4FE7-8B04-AEB83AC9A07F}.Release|Any CPU.ActiveCfg = Release|Any CPU
		{C3759061-FBA0-4FE7-8B04-AEB83AC9A07F}.Release|Any CPU.Build.0 = Release|Any CPU
		{C7E87728-7892-4BF3-87E9-3E35D09528B6}.Debug|Any CPU.ActiveCfg = Debug|Any CPU
		{C7E87728-7892-4BF3-87E9-3E35D09528B6}.Debug|Any CPU.Build.0 = Debug|Any CPU
		{C7E87728-7892-4BF3-87E9-3E35D09528B6}.Release|Any CPU.ActiveCfg = Release|Any CPU
		{C7E87728-7892-4BF3-87E9-3E35D09528B6}.Release|Any CPU.Build.0 = Release|Any CPU
		{D005C9A1-C671-4773-B1B9-35C99F867A91}.Debug|Any CPU.ActiveCfg = Debug|Any CPU
		{D005C9A1-C671-4773-B1B9-35C99F867A91}.Debug|Any CPU.Build.0 = Debug|Any CPU
		{D005C9A1-C671-4773-B1B9-35C99F867A91}.Release|Any CPU.ActiveCfg = Release|Any CPU
		{D005C9A1-C671-4773-B1B9-35C99F867A91}.Release|Any CPU.Build.0 = Release|Any CPU
		{A71FE64E-4AA6-40C4-B7F3-DB8917DD4726}.Debug|Any CPU.ActiveCfg = Debug|Any CPU
		{A71FE64E-4AA6-40C4-B7F3-DB8917DD4726}.Debug|Any CPU.Build.0 = Debug|Any CPU
		{A71FE64E-4AA6-40C4-B7F3-DB8917DD4726}.Release|Any CPU.ActiveCfg = Release|Any CPU
		{A71FE64E-4AA6-40C4-B7F3-DB8917DD4726}.Release|Any CPU.Build.0 = Release|Any CPU
		{E49BE136-0D19-49E7-B012-F78377B87A77}.Debug|Any CPU.ActiveCfg = Debug|Any CPU
		{E49BE136-0D19-49E7-B012-F78377B87A77}.Debug|Any CPU.Build.0 = Debug|Any CPU
		{E49BE136-0D19-49E7-B012-F78377B87A77}.Release|Any CPU.ActiveCfg = Release|Any CPU
		{E49BE136-0D19-49E7-B012-F78377B87A77}.Release|Any CPU.Build.0 = Release|Any CPU
	EndGlobalSection
	GlobalSection(SolutionProperties) = preSolution
		HideSolutionNode = FALSE
	EndGlobalSection
	GlobalSection(ExtensibilityGlobals) = postSolution
		SolutionGuid = {0C251178-AE59-400D-A3B0-F101826BB5D5}
	EndGlobalSection
EndGlobal
